
Microsoft Visual Studio Solution File, Format Version 12.00
# Visual Studio 15
VisualStudioVersion = 15.0.28307.1500
MinimumVisualStudioVersion = 10.0.40219.1
Project("{FAE04EC0-301F-11D3-BF4B-00C04F79EFBC}") = "ClassMetotDemo", "ClassMetotDemo\ClassMetotDemo.csproj", "{807AFCEE-58E2-4674-8165-682C0304E219}"
EndProject
Global
	GlobalSection(SolutionConfigurationPlatforms) = preSolution
		Debug|Any CPU = Debug|Any CPU
		Release|Any CPU = Release|Any CPU
	EndGlobalSection
	GlobalSection(ProjectConfigurationPlatforms) = postSolution
		{807AFCEE-58E2-4674-8165-682C0304E219}.Debug|Any CPU.ActiveCfg = Debug|Any CPU
		{807AFCEE-58E2-4674-8165-682C0304E219}.Debug|Any CPU.Build.0 = Debug|Any CPU
		{807AFCEE-58E2-4674-8165-682C0304E219}.Release|Any CPU.ActiveCfg = Release|Any CPU
		{807AFCEE-58E2-4674-8165-682C0304E219}.Release|Any CPU.Build.0 = Release|Any CPU
	EndGlobalSection
	GlobalSection(SolutionProperties) = preSolution
		HideSolutionNode = FALSE
	EndGlobalSection
	GlobalSection(ExtensibilityGlobals) = postSolution
		SolutionGuid = {789F9967-D3C6-4EED-8D87-9FA0DFD7048E}
	EndGlobalSection
EndGlobal
